
Microsoft Visual Studio Solution File, Format Version 12.00
# Visual Studio 15
VisualStudioVersion = 15.0.28307.329
MinimumVisualStudioVersion = 10.0.40219.1
Project("{FAE04EC0-301F-11D3-BF4B-00C04F79EFBC}") = "MadeToEngageTest", "MadeToEngageTest\MadeToEngageTest.csproj", "{02987C73-692F-4A5B-B0E2-B5974F4B3E54}"
EndProject
Project("{FAE04EC0-301F-11D3-BF4B-00C04F79EFBC}") = "MadeToEngageTests", "MadeToEngageTests\MadeToEngageTests.csproj", "{094228E5-4866-4944-8F6B-5E24776FB8DB}"
EndProject
Global
	GlobalSection(SolutionConfigurationPlatforms) = preSolution
		Debug|Any CPU = Debug|Any CPU
		Release|Any CPU = Release|Any CPU
	EndGlobalSection
	GlobalSection(ProjectConfigurationPlatforms) = postSolution
		{02987C73-692F-4A5B-B0E2-B5974F4B3E54}.Debug|Any CPU.ActiveCfg = Debug|Any CPU
		{02987C73-692F-4A5B-B0E2-B5974F4B3E54}.Debug|Any CPU.Build.0 = Debug|Any CPU
		{02987C73-692F-4A5B-B0E2-B5974F4B3E54}.Release|Any CPU.ActiveCfg = Release|Any CPU
		{02987C73-692F-4A5B-B0E2-B5974F4B3E54}.Release|Any CPU.Build.0 = Release|Any CPU
		{094228E5-4866-4944-8F6B-5E24776FB8DB}.Debug|Any CPU.ActiveCfg = Debug|Any CPU
		{094228E5-4866-4944-8F6B-5E24776FB8DB}.Debug|Any CPU.Build.0 = Debug|Any CPU
		{094228E5-4866-4944-8F6B-5E24776FB8DB}.Release|Any CPU.ActiveCfg = Release|Any CPU
		{094228E5-4866-4944-8F6B-5E24776FB8DB}.Release|Any CPU.Build.0 = Release|Any CPU
	EndGlobalSection
	GlobalSection(SolutionProperties) = preSolution
		HideSolutionNode = FALSE
	EndGlobalSection
	GlobalSection(ExtensibilityGlobals) = postSolution
		SolutionGuid = {CE53448E-D59F-4B51-9535-B5C7A05D8856}
	EndGlobalSection
EndGlobal
